# This file is automatically @generated by Cargo.
# It is not intended for manual editing.
version = 4

[[package]]
name = "bassietest"
version = "0.1.0"
dependencies = [
 "objc",
]

[[package]]
name = "objc"
version = "0.1.0"
source = "git+https://github.com/bplaat/crates.git#0853102dc69b73a248f84236215c376a757226ea"
