# This file is automatically @generated by Cargo.
# It is not intended for manual editing.
version = 4

[[package]]
name = "bassietest"
version = "0.1.0"
dependencies = [
 "objc",
]

[[package]]
name = "objc"
version = "0.1.0"
source = "git+https://github.com/bplaat/crates.git#720a3abbac9e7bb9770c545272938659cf0334f5"
