# This file is automatically @generated by Cargo.
# It is not intended for manual editing.
version = 4

[[package]]
name = "bassietest"
version = "0.1.0"
dependencies = [
 "objc",
]

[[package]]
name = "objc"
version = "0.1.0"
source = "git+https://github.com/bplaat/crates.git#efe4397e73c807c017ea57d0a41bfbd9b4e6982d"
