# This file is automatically @generated by Cargo.
# It is not intended for manual editing.
version = 4

[[package]]
name = "bassietest"
version = "0.1.0"
dependencies = [
 "objc",
]

[[package]]
name = "objc"
version = "0.1.0"
source = "git+https://github.com/bplaat/crates.git#636cebd531ac6374be980ab4b57af0d4d20291cd"
